{
  "nodes": {
    "home-manager": {
      "inputs": {
        "nixpkgs": [
          "nixpkgs"
        ]
      },
      "locked": {
        "lastModified": 1739784506,
        "narHash": "sha256-9t05KCMChtDJyFnxi1WsZKrHN0UpE7WRjjejqcVIz1g=",
        "owner": "nix-community",
        "repo": "home-manager",
        "rev": "30b9cd6f1a69921e59e71df1214604be62636284",
        "type": "github"
      },
      "original": {
        "owner": "nix-community",
        "repo": "home-manager",
        "type": "github"
      }
    },
    "nixpkgs": {
      "locked": {
        "lastModified": 1739580444,
        "narHash": "sha256-+/bSz4EAVbqz8/HsIGLroF8aNaO8bLRL7WfACN+24g4=",
        "owner": "nixos",
        "repo": "nixpkgs",
        "rev": "8bb37161a0488b89830168b81c48aed11569cb93",
        "type": "github"
      },
      "original": {
        "owner": "nixos",
        "ref": "nixos-unstable",
        "repo": "nixpkgs",
        "type": "github"
      }
    },
    "nixpkgs_2": {
      "locked": {
        "lastModified": 1736320768,
        "narHash": "sha256-nIYdTAiKIGnFNugbomgBJR+Xv5F1ZQU+HfaBqJKroC0=",
        "owner": "NixOS",
        "repo": "nixpkgs",
        "rev": "4bc9c909d9ac828a039f288cf872d16d38185db8",
        "type": "github"
      },
      "original": {
        "owner": "NixOS",
        "ref": "nixpkgs-unstable",
        "repo": "nixpkgs",
        "type": "github"
      }
    },
    "root": {
      "inputs": {
        "home-manager": "home-manager",
        "nixpkgs": "nixpkgs",
        "rust-overlay": "rust-overlay"
      }
    },
    "rust-overlay": {
      "inputs": {
        "nixpkgs": "nixpkgs_2"
      },
      "locked": {
        "lastModified": 1739759407,
        "narHash": "sha256-YIrVxD2SaUyaEdMry2nAd2qG1E0V38QIV6t6rpguFwk=",
        "owner": "oxalica",
        "repo": "rust-overlay",
        "rev": "6e6ae2acf4221380140c22d65b6c41f4726f5932",
        "type": "github"
      },
      "original": {
        "owner": "oxalica",
        "repo": "rust-overlay",
        "type": "github"
      }
    }
  },
  "root": "root",
  "version": 7
}
